{
    "_readme": [
        "This file locks the dependencies of your project to a known state",
        "Read more about it at https://getcomposer.org/doc/01-basic-usage.md#composer-lock-the-lock-file",
        "This file is @generated automatically"
    ],
    "content-hash": "c8b45a40cd957f5fda581082d789003a",
    "packages": [
        {
            "name": "components/jquery",
            "version": "3.2.1",
            "source": {
                "type": "git",
                "url": "https://github.com/components/jquery.git",
                "reference": "e5534d4ab8e80c159553d507e358ed20a806d3bf"
            },
            "dist": {
                "type": "zip",
                "url": "https://api.github.com/repos/components/jquery/zipball/e5534d4ab8e80c159553d507e358ed20a806d3bf",
                "reference": "e5534d4ab8e80c159553d507e358ed20a806d3bf",
                "shasum": ""
            },
            "type": "component",
            "extra": {
                "component": {
                    "scripts": [
                        "jquery.js"
                    ],
                    "files": [
                        "jquery.min.js",
                        "jquery.min.map",
                        "jquery.slim.js",
                        "jquery.slim.min.js",
                        "jquery.slim.min.map"
                    ]
                }
            },
            "notification-url": "https://packagist.org/downloads/",
            "license": [
                "MIT"
            ],
            "authors": [
                {
                    "name": "JS Foundation and other contributors"
                }
            ],
            "description": "jQuery JavaScript Library",
            "homepage": "http://jquery.com",
            "time": "2017-03-21T07:01:49+00:00"
        },
        {
            "name": "jquery-form/form",
            "version": "v4.2.2",
            "source": {
                "type": "git",
                "url": "https://github.com/jquery-form/form.git",
                "reference": "4beae57bc92402e2d03ca66b5ae2942d0c94c695"
            },
            "dist": {
                "type": "zip",
                "url": "https://api.github.com/repos/jquery-form/form/zipball/4beae57bc92402e2d03ca66b5ae2942d0c94c695",
                "reference": "4beae57bc92402e2d03ca66b5ae2942d0c94c695",
                "shasum": ""
            },
            "require": {
                "components/jquery": ">=1.7.2"
            },
            "type": "library",
            "extra": {
                "component": {
                    "scripts": [
                        "src/jquery.form.js"
                    ],
                    "shim": {
                        "deps": [
                            "jquery"
                        ]
                    }
                }
            },
            "notification-url": "https://packagist.org/downloads/",
            "license": [
                "(LGPL-2.1+ OR MIT)"
            ],
            "authors": [
                {
                    "name": "Kevin Morris"
                },
                {
                    "name": "Mike Alsup"
                }
            ],
            "description": "The jQuery Form Plugin allows you to easily and unobtrusively upgrade HTML forms to use AJAX.",
            "homepage": "https://github.com/jquery-form/form",
            "keywords": [
                "ajax",
                "form",
                "html-form",
                "jquery",
                "jquery-form",
                "jquery-plugin",
                "json",
                "json-form"
            ],
            "time": "2017-08-09T20:56:53+00:00"
        }
    ],
    "packages-dev": [],
    "aliases": [],
    "minimum-stability": "stable",
    "stability-flags": [],
    "prefer-stable": false,
    "prefer-lowest": false,
    "platform": [],
    "platform-dev": []
}
